// !$*UTF8*$!
{
	archiveVersion = 1;
	classes = {
	};
	objectVersion = 46;
	objects = {

/* Begin PBXBuildFile section */
		7F6DDC59191EF74F00925412 /* Foundation.framework in Frameworks */ = {isa = PBXBuildFile; fileRef = 7F6DDC58191EF74F00925412 /* Foundation.framework */; };
		7F6DDC5B191EF74F00925412 /* CoreGraphics.framework in Frameworks */ = {isa = PBXBuildFile; fileRef = 7F6DDC5A191EF74F00925412 /* CoreGraphics.framework */; };
		7F6DDC5D191EF74F00925412 /* UIKit.framework in Frameworks */ = {isa = PBXBuildFile; fileRef = 7F6DDC5C191EF74F00925412 /* UIKit.framework */; };
		7F6DDC63191EF74F00925412 /* InfoPlist.strings in Resources */ = {isa = PBXBuildFile; fileRef = 7F6DDC61191EF74F00925412 /* InfoPlist.strings */; };
		7F6DDC65191EF74F00925412 /* main.m in Sources */ = {isa = PBXBuildFile; fileRef = 7F6DDC64191EF74F00925412 /* main.m */; };
		7F6DDC69191EF74F00925412 /* DHAppDelegate.m in Sources */ = {isa = PBXBuildFile; fileRef = 7F6DDC68191EF74F00925412 /* DHAppDelegate.m */; };
		7F6DDC6C191EF74F00925412 /* Main.storyboard in Resources */ = {isa = PBXBuildFile; fileRef = 7F6DDC6A191EF74F00925412 /* Main.storyboard */; };
		7F6DDC6F191EF74F00925412 /* DHViewController.m in Sources */ = {isa = PBXBuildFile; fileRef = 7F6DDC6E191EF74F00925412 /* DHViewController.m */; };
		7F6DDC71191EF74F00925412 /* Images.xcassets in Resources */ = {isa = PBXBuildFile; fileRef = 7F6DDC70191EF74F00925412 /* Images.xcassets */; };
		7F6DDC78191EF75000925412 /* XCTest.framework in Frameworks */ = {isa = PBXBuildFile; fileRef = 7F6DDC77191EF75000925412 /* XCTest.framework */; };
		7F6DDC79191EF75000925412 /* Foundation.framework in Frameworks */ = {isa = PBXBuildFile; fileRef = 7F6DDC58191EF74F00925412 /* Foundation.framework */; };
		7F6DDC7A191EF75000925412 /* UIKit.framework in Frameworks */ = {isa = PBXBuildFile; fileRef = 7F6DDC5C191EF74F00925412 /* UIKit.framework */; };
		7F6DDC82191EF75000925412 /* InfoPlist.strings in Resources */ = {isa = PBXBuildFile; fileRef = 7F6DDC80191EF75000925412 /* InfoPlist.strings */; };
		7F6DDC84191EF75000925412 /* TMTopicTests.m in Sources */ = {isa = PBXBuildFile; fileRef = 7F6DDC83191EF75000925412 /* TMTopicTests.m */; };
		7F6DDC8F19204CD400925412 /* BigListOfTableTopics in Resources */ = {isa = PBXBuildFile; fileRef = 7F6DDC8E19204CD400925412 /* BigListOfTableTopics */; };
		7F8EEA731943FC0B006B4C53 /* DHTableViewCell.m in Sources */ = {isa = PBXBuildFile; fileRef = 7F8EEA721943FC0B006B4C53 /* DHTableViewCell.m */; };
		7F9D9B431946593B00EE381B /* TMIcon.pxm in Resources */ = {isa = PBXBuildFile; fileRef = 7F9D9B411946593B00EE381B /* TMIcon.pxm */; };
		7F9D9B441946593B00EE381B /* TMLaunchImage.pxm in Resources */ = {isa = PBXBuildFile; fileRef = 7F9D9B421946593B00EE381B /* TMLaunchImage.pxm */; };
		7FA34E331948D564000DB7B5 /* Icon29x29.png in Resources */ = {isa = PBXBuildFile; fileRef = 7FA34E241948D564000DB7B5 /* Icon29x29.png */; };
		7FA34E341948D564000DB7B5 /* Icon29x29@2x.png in Resources */ = {isa = PBXBuildFile; fileRef = 7FA34E251948D564000DB7B5 /* Icon29x29@2x.png */; };
		7FA34E351948D564000DB7B5 /* Icon40x40.png in Resources */ = {isa = PBXBuildFile; fileRef = 7FA34E261948D564000DB7B5 /* Icon40x40.png */; };
		7FA34E361948D564000DB7B5 /* Icon40x40@2x.png in Resources */ = {isa = PBXBuildFile; fileRef = 7FA34E271948D564000DB7B5 /* Icon40x40@2x.png */; };
		7FA34E371948D564000DB7B5 /* Icon50x50.png in Resources */ = {isa = PBXBuildFile; fileRef = 7FA34E281948D564000DB7B5 /* Icon50x50.png */; };
		7FA34E381948D564000DB7B5 /* Icon50x50@2x.png in Resources */ = {isa = PBXBuildFile; fileRef = 7FA34E291948D564000DB7B5 /* Icon50x50@2x.png */; };
		7FA34E391948D564000DB7B5 /* Icon57x57.png in Resources */ = {isa = PBXBuildFile; fileRef = 7FA34E2A1948D564000DB7B5 /* Icon57x57.png */; };
		7FA34E3A1948D564000DB7B5 /* Icon57x57@2x.png in Resources */ = {isa = PBXBuildFile; fileRef = 7FA34E2B1948D564000DB7B5 /* Icon57x57@2x.png */; };
		7FA34E3B1948D564000DB7B5 /* Icon60x60.png in Resources */ = {isa = PBXBuildFile; fileRef = 7FA34E2C1948D564000DB7B5 /* Icon60x60.png */; };
		7FA34E3C1948D564000DB7B5 /* Icon60x60@2x.png in Resources */ = {isa = PBXBuildFile; fileRef = 7FA34E2D1948D564000DB7B5 /* Icon60x60@2x.png */; };
		7FA34E3D1948D564000DB7B5 /* Icon72x72.png in Resources */ = {isa = PBXBuildFile; fileRef = 7FA34E2E1948D564000DB7B5 /* Icon72x72.png */; };
		7FA34E3E1948D564000DB7B5 /* Icon72x72@2x.png in Resources */ = {isa = PBXBuildFile; fileRef = 7FA34E2F1948D564000DB7B5 /* Icon72x72@2x.png */; };
		7FA34E3F1948D564000DB7B5 /* Icon76x76.png in Resources */ = {isa = PBXBuildFile; fileRef = 7FA34E301948D564000DB7B5 /* Icon76x76.png */; };
		7FA34E401948D564000DB7B5 /* Icon76x76@2x.png in Resources */ = {isa = PBXBuildFile; fileRef = 7FA34E311948D564000DB7B5 /* Icon76x76@2x.png */; };
		7FA34E411948D564000DB7B5 /* TMIcon-full.png in Resources */ = {isa = PBXBuildFile; fileRef = 7FA34E321948D564000DB7B5 /* TMIcon-full.png */; };
/* End PBXBuildFile section */

/* Begin PBXContainerItemProxy section */
		7F6DDC7B191EF75000925412 /* PBXContainerItemProxy */ = {
			isa = PBXContainerItemProxy;
			containerPortal = 7F6DDC4D191EF74F00925412 /* Project object */;
			proxyType = 1;
			remoteGlobalIDString = 7F6DDC54191EF74F00925412;
			remoteInfo = TMTopic;
		};
/* End PBXContainerItemProxy section */

/* Begin PBXFileReference section */
		7F6DDC55191EF74F00925412 /* TMTopic.app */ = {isa = PBXFileReference; explicitFileType = wrapper.application; includeInIndex = 0; path = TMTopic.app; sourceTree = BUILT_PRODUCTS_DIR; };
		7F6DDC58191EF74F00925412 /* Foundation.framework */ = {isa = PBXFileReference; lastKnownFileType = wrapper.framework; name = Foundation.framework; path = System/Library/Frameworks/Foundation.framework; sourceTree = SDKROOT; };
		7F6DDC5A191EF74F00925412 /* CoreGraphics.framework */ = {isa = PBXFileReference; lastKnownFileType = wrapper.framework; name = CoreGraphics.framework; path = System/Library/Frameworks/CoreGraphics.framework; sourceTree = SDKROOT; };
		7F6DDC5C191EF74F00925412 /* UIKit.framework */ = {isa = PBXFileReference; lastKnownFileType = wrapper.framework; name = UIKit.framework; path = System/Library/Frameworks/UIKit.framework; sourceTree = SDKROOT; };
		7F6DDC60191EF74F00925412 /* TMTopic-Info.plist */ = {isa = PBXFileReference; lastKnownFileType = text.plist.xml; path = "TMTopic-Info.plist"; sourceTree = "<group>"; };
		7F6DDC62191EF74F00925412 /* en */ = {isa = PBXFileReference; lastKnownFileType = text.plist.strings; name = en; path = en.lproj/InfoPlist.strings; sourceTree = "<group>"; };
		7F6DDC64191EF74F00925412 /* main.m */ = {isa = PBXFileReference; lastKnownFileType = sourcecode.c.objc; path = main.m; sourceTree = "<group>"; };
		7F6DDC66191EF74F00925412 /* TMTopic-Prefix.pch */ = {isa = PBXFileReference; lastKnownFileType = sourcecode.c.h; path = "TMTopic-Prefix.pch"; sourceTree = "<group>"; };
		7F6DDC67191EF74F00925412 /* DHAppDelegate.h */ = {isa = PBXFileReference; lastKnownFileType = sourcecode.c.h; path = DHAppDelegate.h; sourceTree = "<group>"; };
		7F6DDC68191EF74F00925412 /* DHAppDelegate.m */ = {isa = PBXFileReference; lastKnownFileType = sourcecode.c.objc; path = DHAppDelegate.m; sourceTree = "<group>"; };
		7F6DDC6B191EF74F00925412 /* Base */ = {isa = PBXFileReference; lastKnownFileType = file.storyboard; name = Base; path = Base.lproj/Main.storyboard; sourceTree = "<group>"; };
		7F6DDC6D191EF74F00925412 /* DHViewController.h */ = {isa = PBXFileReference; lastKnownFileType = sourcecode.c.h; path = DHViewController.h; sourceTree = "<group>"; };
		7F6DDC6E191EF74F00925412 /* DHViewController.m */ = {isa = PBXFileReference; lastKnownFileType = sourcecode.c.objc; path = DHViewController.m; sourceTree = "<group>"; };
		7F6DDC70191EF74F00925412 /* Images.xcassets */ = {isa = PBXFileReference; lastKnownFileType = folder.assetcatalog; path = Images.xcassets; sourceTree = "<group>"; };
		7F6DDC76191EF75000925412 /* TMTopicTests.xctest */ = {isa = PBXFileReference; explicitFileType = wrapper.cfbundle; includeInIndex = 0; path = TMTopicTests.xctest; sourceTree = BUILT_PRODUCTS_DIR; };
		7F6DDC77191EF75000925412 /* XCTest.framework */ = {isa = PBXFileReference; lastKnownFileType = wrapper.framework; name = XCTest.framework; path = Library/Frameworks/XCTest.framework; sourceTree = DEVELOPER_DIR; };
		7F6DDC7F191EF75000925412 /* TMTopicTests-Info.plist */ = {isa = PBXFileReference; lastKnownFileType = text.plist.xml; path = "TMTopicTests-Info.plist"; sourceTree = "<group>"; };
		7F6DDC81191EF75000925412 /* en */ = {isa = PBXFileReference; lastKnownFileType = text.plist.strings; name = en; path = en.lproj/InfoPlist.strings; sourceTree = "<group>"; };
		7F6DDC83191EF75000925412 /* TMTopicTests.m */ = {isa = PBXFileReference; lastKnownFileType = sourcecode.c.objc; path = TMTopicTests.m; sourceTree = "<group>"; };
		7F6DDC8E19204CD400925412 /* BigListOfTableTopics */ = {isa = PBXFileReference; fileEncoding = 4; lastKnownFileType = text; path = BigListOfTableTopics; sourceTree = "<group>"; };
		7F8EEA711943FC0B006B4C53 /* DHTableViewCell.h */ = {isa = PBXFileReference; fileEncoding = 4; lastKnownFileType = sourcecode.c.h; path = DHTableViewCell.h; sourceTree = "<group>"; };
		7F8EEA721943FC0B006B4C53 /* DHTableViewCell.m */ = {isa = PBXFileReference; fileEncoding = 4; lastKnownFileType = sourcecode.c.objc; path = DHTableViewCell.m; sourceTree = "<group>"; };
		7F9D9B411946593B00EE381B /* TMIcon.pxm */ = {isa = PBXFileReference; lastKnownFileType = file; path = TMIcon.pxm; sourceTree = "<group>"; };
		7F9D9B421946593B00EE381B /* TMLaunchImage.pxm */ = {isa = PBXFileReference; lastKnownFileType = file; path = TMLaunchImage.pxm; sourceTree = "<group>"; };
		7FA34E241948D564000DB7B5 /* Icon29x29.png */ = {isa = PBXFileReference; lastKnownFileType = image.png; path = Icon29x29.png; sourceTree = "<group>"; };
		7FA34E251948D564000DB7B5 /* Icon29x29@2x.png */ = {isa = PBXFileReference; lastKnownFileType = image.png; path = "Icon29x29@2x.png"; sourceTree = "<group>"; };
		7FA34E261948D564000DB7B5 /* Icon40x40.png */ = {isa = PBXFileReference; lastKnownFileType = image.png; path = Icon40x40.png; sourceTree = "<group>"; };
		7FA34E271948D564000DB7B5 /* Icon40x40@2x.png */ = {isa = PBXFileReference; lastKnownFileType = image.png; path = "Icon40x40@2x.png"; sourceTree = "<group>"; };
		7FA34E281948D564000DB7B5 /* Icon50x50.png */ = {isa = PBXFileReference; lastKnownFileType = image.png; path = Icon50x50.png; sourceTree = "<group>"; };
		7FA34E291948D564000DB7B5 /* Icon50x50@2x.png */ = {isa = PBXFileReference; lastKnownFileType = image.png; path = "Icon50x50@2x.png"; sourceTree = "<group>"; };
		7FA34E2A1948D564000DB7B5 /* Icon57x57.png */ = {isa = PBXFileReference; lastKnownFileType = image.png; path = Icon57x57.png; sourceTree = "<group>"; };
		7FA34E2B1948D564000DB7B5 /* Icon57x57@2x.png */ = {isa = PBXFileReference; lastKnownFileType = image.png; path = "Icon57x57@2x.png"; sourceTree = "<group>"; };
		7FA34E2C1948D564000DB7B5 /* Icon60x60.png */ = {isa = PBXFileReference; lastKnownFileType = image.png; path = Icon60x60.png; sourceTree = "<group>"; };
		7FA34E2D1948D564000DB7B5 /* Icon60x60@2x.png */ = {isa = PBXFileReference; lastKnownFileType = image.png; path = "Icon60x60@2x.png"; sourceTree = "<group>"; };
		7FA34E2E1948D564000DB7B5 /* Icon72x72.png */ = {isa = PBXFileReference; lastKnownFileType = image.png; path = Icon72x72.png; sourceTree = "<group>"; };
		7FA34E2F1948D564000DB7B5 /* Icon72x72@2x.png */ = {isa = PBXFileReference; lastKnownFileType = image.png; path = "Icon72x72@2x.png"; sourceTree = "<group>"; };
		7FA34E301948D564000DB7B5 /* Icon76x76.png */ = {isa = PBXFileReference; lastKnownFileType = image.png; path = Icon76x76.png; sourceTree = "<group>"; };
		7FA34E311948D564000DB7B5 /* Icon76x76@2x.png */ = {isa = PBXFileReference; lastKnownFileType = image.png; path = "Icon76x76@2x.png"; sourceTree = "<group>"; };
		7FA34E321948D564000DB7B5 /* TMIcon-full.png */ = {isa = PBXFileReference; lastKnownFileType = image.png; path = "TMIcon-full.png"; sourceTree = "<group>"; };
/* End PBXFileReference section */

/* Begin PBXFrameworksBuildPhase section */
		7F6DDC52191EF74F00925412 /* Frameworks */ = {
			isa = PBXFrameworksBuildPhase;
			buildActionMask = 2147483647;
			files = (
				7F6DDC5B191EF74F00925412 /* CoreGraphics.framework in Frameworks */,
				7F6DDC5D191EF74F00925412 /* UIKit.framework in Frameworks */,
				7F6DDC59191EF74F00925412 /* Foundation.framework in Frameworks */,
			);
			runOnlyForDeploymentPostprocessing = 0;
		};
		7F6DDC73191EF75000925412 /* Frameworks */ = {
			isa = PBXFrameworksBuildPhase;
			buildActionMask = 2147483647;
			files = (
				7F6DDC78191EF75000925412 /* XCTest.framework in Frameworks */,
				7F6DDC7A191EF75000925412 /* UIKit.framework in Frameworks */,
				7F6DDC79191EF75000925412 /* Foundation.framework in Frameworks */,
			);
			runOnlyForDeploymentPostprocessing = 0;
		};
/* End PBXFrameworksBuildPhase section */

/* Begin PBXGroup section */
		7F6DDC4C191EF74F00925412 = {
			isa = PBXGroup;
			children = (
				7F6DDC5E191EF74F00925412 /* TMTopic */,
				7F6DDC7D191EF75000925412 /* TMTopicTests */,
				7F6DDC57191EF74F00925412 /* Frameworks */,
				7F6DDC56191EF74F00925412 /* Products */,
			);
			sourceTree = "<group>";
		};
		7F6DDC56191EF74F00925412 /* Products */ = {
			isa = PBXGroup;
			children = (
				7F6DDC55191EF74F00925412 /* TMTopic.app */,
				7F6DDC76191EF75000925412 /* TMTopicTests.xctest */,
			);
			name = Products;
			sourceTree = "<group>";
		};
		7F6DDC57191EF74F00925412 /* Frameworks */ = {
			isa = PBXGroup;
			children = (
				7F6DDC58191EF74F00925412 /* Foundation.framework */,
				7F6DDC5A191EF74F00925412 /* CoreGraphics.framework */,
				7F6DDC5C191EF74F00925412 /* UIKit.framework */,
				7F6DDC77191EF75000925412 /* XCTest.framework */,
			);
			name = Frameworks;
			sourceTree = "<group>";
		};
		7F6DDC5E191EF74F00925412 /* TMTopic */ = {
			isa = PBXGroup;
			children = (
				7F6DDC67191EF74F00925412 /* DHAppDelegate.h */,
				7F6DDC68191EF74F00925412 /* DHAppDelegate.m */,
				7F6DDC6A191EF74F00925412 /* Main.storyboard */,
				7F8EEA711943FC0B006B4C53 /* DHTableViewCell.h */,
				7F8EEA721943FC0B006B4C53 /* DHTableViewCell.m */,
				7F6DDC6D191EF74F00925412 /* DHViewController.h */,
				7F6DDC6E191EF74F00925412 /* DHViewController.m */,
				7F9D9B401946593B00EE381B /* images */,
				7F6DDC8E19204CD400925412 /* BigListOfTableTopics */,
				7F6DDC70191EF74F00925412 /* Images.xcassets */,
				7F6DDC5F191EF74F00925412 /* Supporting Files */,
			);
			path = TMTopic;
			sourceTree = "<group>";
		};
		7F6DDC5F191EF74F00925412 /* Supporting Files */ = {
			isa = PBXGroup;
			children = (
				7F6DDC60191EF74F00925412 /* TMTopic-Info.plist */,
				7F6DDC61191EF74F00925412 /* InfoPlist.strings */,
				7F6DDC64191EF74F00925412 /* main.m */,
				7F6DDC66191EF74F00925412 /* TMTopic-Prefix.pch */,
			);
			name = "Supporting Files";
			sourceTree = "<group>";
		};
		7F6DDC7D191EF75000925412 /* TMTopicTests */ = {
			isa = PBXGroup;
			children = (
				7F6DDC83191EF75000925412 /* TMTopicTests.m */,
				7F6DDC7E191EF75000925412 /* Supporting Files */,
			);
			path = TMTopicTests;
			sourceTree = "<group>";
		};
		7F6DDC7E191EF75000925412 /* Supporting Files */ = {
			isa = PBXGroup;
			children = (
				7F6DDC7F191EF75000925412 /* TMTopicTests-Info.plist */,
				7F6DDC80191EF75000925412 /* InfoPlist.strings */,
			);
			name = "Supporting Files";
			sourceTree = "<group>";
		};
		7F9D9B401946593B00EE381B /* images */ = {
			isa = PBXGroup;
			children = (
				7FA34E241948D564000DB7B5 /* Icon29x29.png */,
				7FA34E251948D564000DB7B5 /* Icon29x29@2x.png */,
				7FA34E261948D564000DB7B5 /* Icon40x40.png */,
				7FA34E271948D564000DB7B5 /* Icon40x40@2x.png */,
				7FA34E281948D564000DB7B5 /* Icon50x50.png */,
				7FA34E291948D564000DB7B5 /* Icon50x50@2x.png */,
				7FA34E2A1948D564000DB7B5 /* Icon57x57.png */,
				7FA34E2B1948D564000DB7B5 /* Icon57x57@2x.png */,
				7FA34E2C1948D564000DB7B5 /* Icon60x60.png */,
				7FA34E2D1948D564000DB7B5 /* Icon60x60@2x.png */,
				7FA34E2E1948D564000DB7B5 /* Icon72x72.png */,
				7FA34E2F1948D564000DB7B5 /* Icon72x72@2x.png */,
				7FA34E301948D564000DB7B5 /* Icon76x76.png */,
				7FA34E311948D564000DB7B5 /* Icon76x76@2x.png */,
				7FA34E321948D564000DB7B5 /* TMIcon-full.png */,
				7F9D9B411946593B00EE381B /* TMIcon.pxm */,
				7F9D9B421946593B00EE381B /* TMLaunchImage.pxm */,
			);
			path = images;
			sourceTree = "<group>";
		};
/* End PBXGroup section */

/* Begin PBXNativeTarget section */
		7F6DDC54191EF74F00925412 /* TMTopic */ = {
			isa = PBXNativeTarget;
			buildConfigurationList = 7F6DDC87191EF75000925412 /* Build configuration list for PBXNativeTarget "TMTopic" */;
			buildPhases = (
				7F6DDC51191EF74F00925412 /* Sources */,
				7F6DDC52191EF74F00925412 /* Frameworks */,
				7F6DDC53191EF74F00925412 /* Resources */,
			);
			buildRules = (
			);
			dependencies = (
			);
			name = TMTopic;
			productName = TMTopic;
			productReference = 7F6DDC55191EF74F00925412 /* TMTopic.app */;
			productType = "com.apple.product-type.application";
		};
		7F6DDC75191EF75000925412 /* TMTopicTests */ = {
			isa = PBXNativeTarget;
			buildConfigurationList = 7F6DDC8A191EF75000925412 /* Build configuration list for PBXNativeTarget "TMTopicTests" */;
			buildPhases = (
				7F6DDC72191EF75000925412 /* Sources */,
				7F6DDC73191EF75000925412 /* Frameworks */,
				7F6DDC74191EF75000925412 /* Resources */,
			);
			buildRules = (
			);
			dependencies = (
				7F6DDC7C191EF75000925412 /* PBXTargetDependency */,
			);
			name = TMTopicTests;
			productName = TMTopicTests;
			productReference = 7F6DDC76191EF75000925412 /* TMTopicTests.xctest */;
			productType = "com.apple.product-type.bundle.unit-test";
		};
/* End PBXNativeTarget section */

/* Begin PBXProject section */
		7F6DDC4D191EF74F00925412 /* Project object */ = {
			isa = PBXProject;
			attributes = {
				CLASSPREFIX = DH;
				LastUpgradeCheck = 0510;
				ORGANIZATIONNAME = "Derrick Ho";
				TargetAttributes = {
					7F6DDC75191EF75000925412 = {
						TestTargetID = 7F6DDC54191EF74F00925412;
					};
				};
			};
			buildConfigurationList = 7F6DDC50191EF74F00925412 /* Build configuration list for PBXProject "TMTopic" */;
			compatibilityVersion = "Xcode 3.2";
			developmentRegion = English;
			hasScannedForEncodings = 0;
			knownRegions = (
				en,
				Base,
			);
			mainGroup = 7F6DDC4C191EF74F00925412;
			productRefGroup = 7F6DDC56191EF74F00925412 /* Products */;
			projectDirPath = "";
			projectRoot = "";
			targets = (
				7F6DDC54191EF74F00925412 /* TMTopic */,
				7F6DDC75191EF75000925412 /* TMTopicTests */,
			);
		};
/* End PBXProject section */

/* Begin PBXResourcesBuildPhase section */
		7F6DDC53191EF74F00925412 /* Resources */ = {
			isa = PBXResourcesBuildPhase;
			buildActionMask = 2147483647;
			files = (
				7FA34E401948D564000DB7B5 /* Icon76x76@2x.png in Resources */,
				7F6DDC71191EF74F00925412 /* Images.xcassets in Resources */,
				7FA34E411948D564000DB7B5 /* TMIcon-full.png in Resources */,
				7F6DDC8F19204CD400925412 /* BigListOfTableTopics in Resources */,
				7FA34E3A1948D564000DB7B5 /* Icon57x57@2x.png in Resources */,
				7FA34E361948D564000DB7B5 /* Icon40x40@2x.png in Resources */,
				7FA34E3F1948D564000DB7B5 /* Icon76x76.png in Resources */,
				7FA34E3E1948D564000DB7B5 /* Icon72x72@2x.png in Resources */,
				7F9D9B431946593B00EE381B /* TMIcon.pxm in Resources */,
				7F9D9B441946593B00EE381B /* TMLaunchImage.pxm in Resources */,
				7FA34E341948D564000DB7B5 /* Icon29x29@2x.png in Resources */,
				7FA34E3B1948D564000DB7B5 /* Icon60x60.png in Resources */,
				7F6DDC63191EF74F00925412 /* InfoPlist.strings in Resources */,
				7F6DDC6C191EF74F00925412 /* Main.storyboard in Resources */,
				7FA34E3C1948D564000DB7B5 /* Icon60x60@2x.png in Resources */,
				7FA34E381948D564000DB7B5 /* Icon50x50@2x.png in Resources */,
				7FA34E371948D564000DB7B5 /* Icon50x50.png in Resources */,
				7FA34E391948D564000DB7B5 /* Icon57x57.png in Resources */,
				7FA34E331948D564000DB7B5 /* Icon29x29.png in Resources */,
				7FA34E351948D564000DB7B5 /* Icon40x40.png in Resources */,
				7FA34E3D1948D564000DB7B5 /* Icon72x72.png in Resources */,
			);
			runOnlyForDeploymentPostprocessing = 0;
		};
		7F6DDC74191EF75000925412 /* Resources */ = {
			isa = PBXResourcesBuildPhase;
			buildActionMask = 2147483647;
			files = (
				7F6DDC82191EF75000925412 /* InfoPlist.strings in Resources */,
			);
			runOnlyForDeploymentPostprocessing = 0;
		};
/* End PBXResourcesBuildPhase section */

/* Begin PBXSourcesBuildPhase section */
		7F6DDC51191EF74F00925412 /* Sources */ = {
			isa = PBXSourcesBuildPhase;
			buildActionMask = 2147483647;
			files = (
				7F6DDC69191EF74F00925412 /* DHAppDelegate.m in Sources */,
				7F6DDC6F191EF74F00925412 /* DHViewController.m in Sources */,
				7F6DDC65191EF74F00925412 /* main.m in Sources */,
				7F8EEA731943FC0B006B4C53 /* DHTableViewCell.m in Sources */,
			);
			runOnlyForDeploymentPostprocessing = 0;
		};
		7F6DDC72191EF75000925412 /* Sources */ = {
			isa = PBXSourcesBuildPhase;
			buildActionMask = 2147483647;
			files = (
				7F6DDC84191EF75000925412 /* TMTopicTests.m in Sources */,
			);
			runOnlyForDeploymentPostprocessing = 0;
		};
/* End PBXSourcesBuildPhase section */

/* Begin PBXTargetDependency section */
		7F6DDC7C191EF75000925412 /* PBXTargetDependency */ = {
			isa = PBXTargetDependency;
			target = 7F6DDC54191EF74F00925412 /* TMTopic */;
			targetProxy = 7F6DDC7B191EF75000925412 /* PBXContainerItemProxy */;
		};
/* End PBXTargetDependency section */

/* Begin PBXVariantGroup section */
		7F6DDC61191EF74F00925412 /* InfoPlist.strings */ = {
			isa = PBXVariantGroup;
			children = (
				7F6DDC62191EF74F00925412 /* en */,
			);
			name = InfoPlist.strings;
			sourceTree = "<group>";
		};
		7F6DDC6A191EF74F00925412 /* Main.storyboard */ = {
			isa = PBXVariantGroup;
			children = (
				7F6DDC6B191EF74F00925412 /* Base */,
			);
			name = Main.storyboard;
			sourceTree = "<group>";
		};
		7F6DDC80191EF75000925412 /* InfoPlist.strings */ = {
			isa = PBXVariantGroup;
			children = (
				7F6DDC81191EF75000925412 /* en */,
			);
			name = InfoPlist.strings;
			sourceTree = "<group>";
		};
/* End PBXVariantGroup section */

/* Begin XCBuildConfiguration section */
		7F6DDC85191EF75000925412 /* Debug */ = {
			isa = XCBuildConfiguration;
			buildSettings = {
				ALWAYS_SEARCH_USER_PATHS = NO;
				CLANG_CXX_LANGUAGE_STANDARD = "gnu++0x";
				CLANG_CXX_LIBRARY = "libc++";
				CLANG_ENABLE_MODULES = YES;
				CLANG_ENABLE_OBJC_ARC = YES;
				CLANG_WARN_BOOL_CONVERSION = YES;
				CLANG_WARN_CONSTANT_CONVERSION = YES;
				CLANG_WARN_DIRECT_OBJC_ISA_USAGE = YES_ERROR;
				CLANG_WARN_EMPTY_BODY = YES;
				CLANG_WARN_ENUM_CONVERSION = YES;
				CLANG_WARN_INT_CONVERSION = YES;
				CLANG_WARN_OBJC_ROOT_CLASS = YES_ERROR;
				CLANG_WARN__DUPLICATE_METHOD_MATCH = YES;
				"CODE_SIGN_IDENTITY[sdk=iphoneos*]" = "iPhone Developer";
				COPY_PHASE_STRIP = NO;
				GCC_C_LANGUAGE_STANDARD = gnu99;
				GCC_DYNAMIC_NO_PIC = NO;
				GCC_OPTIMIZATION_LEVEL = 0;
				GCC_PREPROCESSOR_DEFINITIONS = (
					"DEBUG=1",
					"$(inherited)",
				);
				GCC_SYMBOLS_PRIVATE_EXTERN = NO;
				GCC_WARN_64_TO_32_BIT_CONVERSION = YES;
				GCC_WARN_ABOUT_RETURN_TYPE = YES_ERROR;
				GCC_WARN_UNDECLARED_SELECTOR = YES;
				GCC_WARN_UNINITIALIZED_AUTOS = YES_AGGRESSIVE;
				GCC_WARN_UNUSED_FUNCTION = YES;
				GCC_WARN_UNUSED_VARIABLE = YES;
				IPHONEOS_DEPLOYMENT_TARGET = 7.1;
				ONLY_ACTIVE_ARCH = YES;
				SDKROOT = iphoneos;
			};
			name = Debug;
		};
		7F6DDC86191EF75000925412 /* Release */ = {
			isa = XCBuildConfiguration;
			buildSettings = {
				ALWAYS_SEARCH_USER_PATHS = NO;
				CLANG_CXX_LANGUAGE_STANDARD = "gnu++0x";
				CLANG_CXX_LIBRARY = "libc++";
				CLANG_ENABLE_MODULES = YES;
				CLANG_ENABLE_OBJC_ARC = YES;
				CLANG_WARN_BOOL_CONVERSION = YES;
				CLANG_WARN_CONSTANT_CONVERSION = YES;
				CLANG_WARN_DIRECT_OBJC_ISA_USAGE = YES_ERROR;
				CLANG_WARN_EMPTY_BODY = YES;
				CLANG_WARN_ENUM_CONVERSION = YES;
				CLANG_WARN_INT_CONVERSION = YES;
				CLANG_WARN_OBJC_ROOT_CLASS = YES_ERROR;
				CLANG_WARN__DUPLICATE_METHOD_MATCH = YES;
				"CODE_SIGN_IDENTITY[sdk=iphoneos*]" = "iPhone Developer";
				COPY_PHASE_STRIP = YES;
				ENABLE_NS_ASSERTIONS = NO;
				GCC_C_LANGUAGE_STANDARD = gnu99;
				GCC_WARN_64_TO_32_BIT_CONVERSION = YES;
				GCC_WARN_ABOUT_RETURN_TYPE = YES_ERROR;
				GCC_WARN_UNDECLARED_SELECTOR = YES;
				GCC_WARN_UNINITIALIZED_AUTOS = YES_AGGRESSIVE;
				GCC_WARN_UNUSED_FUNCTION = YES;
				GCC_WARN_UNUSED_VARIABLE = YES;
				IPHONEOS_DEPLOYMENT_TARGET = 7.1;
				SDKROOT = iphoneos;
				VALIDATE_PRODUCT = YES;
			};
			name = Release;
		};
		7F6DDC88191EF75000925412 /* Debug */ = {
			isa = XCBuildConfiguration;
			buildSettings = {
				ASSETCATALOG_COMPILER_APPICON_NAME = AppIcon;
				ASSETCATALOG_COMPILER_LAUNCHIMAGE_NAME = LaunchImage;
				GCC_PRECOMPILE_PREFIX_HEADER = YES;
				GCC_PREFIX_HEADER = "TMTopic/TMTopic-Prefix.pch";
				INFOPLIST_FILE = "TMTopic/TMTopic-Info.plist";
				IPHONEOS_DEPLOYMENT_TARGET = 6.1;
				PRODUCT_NAME = "$(TARGET_NAME)";
				TARGETED_DEVICE_FAMILY = "1,2";
				WRAPPER_EXTENSION = app;
			};
			name = Debug;
		};
		7F6DDC89191EF75000925412 /* Release */ = {
			isa = XCBuildConfiguration;
			buildSettings = {
				ASSETCATALOG_COMPILER_APPICON_NAME = AppIcon;
				ASSETCATALOG_COMPILER_LAUNCHIMAGE_NAME = LaunchImage;
				GCC_PRECOMPILE_PREFIX_HEADER = YES;
				GCC_PREFIX_HEADER = "TMTopic/TMTopic-Prefix.pch";
				INFOPLIST_FILE = "TMTopic/TMTopic-Info.plist";
				IPHONEOS_DEPLOYMENT_TARGET = 6.1;
				PRODUCT_NAME = "$(TARGET_NAME)";
				TARGETED_DEVICE_FAMILY = "1,2";
				WRAPPER_EXTENSION = app;
			};
			name = Release;
		};
		7F6DDC8B191EF75000925412 /* Debug */ = {
			isa = XCBuildConfiguration;
			buildSettings = {
				BUNDLE_LOADER = "$(BUILT_PRODUCTS_DIR)/TMTopic.app/TMTopic";
				FRAMEWORK_SEARCH_PATHS = (
					"$(SDKROOT)/Developer/Library/Frameworks",
					"$(inherited)",
					"$(DEVELOPER_FRAMEWORKS_DIR)",
				);
				GCC_PRECOMPILE_PREFIX_HEADER = YES;
				GCC_PREFIX_HEADER = "TMTopic/TMTopic-Prefix.pch";
				GCC_PREPROCESSOR_DEFINITIONS = (
					"DEBUG=1",
					"$(inherited)",
				);
				INFOPLIST_FILE = "TMTopicTests/TMTopicTests-Info.plist";
				PRODUCT_NAME = "$(TARGET_NAME)";
				TEST_HOST = "$(BUNDLE_LOADER)";
				WRAPPER_EXTENSION = xctest;
			};
			name = Debug;
		};
		7F6DDC8C191EF75000925412 /* Release */ = {
			isa = XCBuildConfiguration;
			buildSettings = {
				BUNDLE_LOADER = "$(BUILT_PRODUCTS_DIR)/TMTopic.app/TMTopic";
				FRAMEWORK_SEARCH_PATHS = (
					"$(SDKROOT)/Developer/Library/Frameworks",
					"$(inherited)",
					"$(DEVELOPER_FRAMEWORKS_DIR)",
				);
				GCC_PRECOMPILE_PREFIX_HEADER = YES;
				GCC_PREFIX_HEADER = "TMTopic/TMTopic-Prefix.pch";
				INFOPLIST_FILE = "TMTopicTests/TMTopicTests-Info.plist";
				PRODUCT_NAME = "$(TARGET_NAME)";
				TEST_HOST = "$(BUNDLE_LOADER)";
				WRAPPER_EXTENSION = xctest;
			};
			name = Release;
		};
/* End XCBuildConfiguration section */

/* Begin XCConfigurationList section */
		7F6DDC50191EF74F00925412 /* Build configuration list for PBXProject "TMTopic" */ = {
			isa = XCConfigurationList;
			buildConfigurations = (
				7F6DDC85191EF75000925412 /* Debug */,
				7F6DDC86191EF75000925412 /* Release */,
			);
			defaultConfigurationIsVisible = 0;
			defaultConfigurationName = Release;
		};
		7F6DDC87191EF75000925412 /* Build configuration list for PBXNativeTarget "TMTopic" */ = {
			isa = XCConfigurationList;
			buildConfigurations = (
				7F6DDC88191EF75000925412 /* Debug */,
				7F6DDC89191EF75000925412 /* Release */,
			);
			defaultConfigurationIsVisible = 0;
			defaultConfigurationName = Release;
		};
		7F6DDC8A191EF75000925412 /* Build configuration list for PBXNativeTarget "TMTopicTests" */ = {
			isa = XCConfigurationList;
			buildConfigurations = (
				7F6DDC8B191EF75000925412 /* Debug */,
				7F6DDC8C191EF75000925412 /* Release */,
			);
			defaultConfigurationIsVisible = 0;
			defaultConfigurationName = Release;
		};
/* End XCConfigurationList section */
	};
	rootObject = 7F6DDC4D191EF74F00925412 /* Project object */;
}
